// !$*UTF8*$!
{
	archiveVersion = 1;
	classes = {
	};
	objectVersion = 46;
	objects = {

/* Begin PBXBuildFile section */
		BA6D2FDA1445ADCB00FA1208 /* UIKit.framework in Frameworks */ = {isa = PBXBuildFile; fileRef = BA6D2FD91445ADCB00FA1208 /* UIKit.framework */; };
		BA6D2FDC1445ADCB00FA1208 /* Foundation.framework in Frameworks */ = {isa = PBXBuildFile; fileRef = BA6D2FDB1445ADCB00FA1208 /* Foundation.framework */; };
		BA6D2FDE1445ADCB00FA1208 /* CoreGraphics.framework in Frameworks */ = {isa = PBXBuildFile; fileRef = BA6D2FDD1445ADCB00FA1208 /* CoreGraphics.framework */; };
		BA6D2FE41445ADCB00FA1208 /* InfoPlist.strings in Resources */ = {isa = PBXBuildFile; fileRef = BA6D2FE21445ADCB00FA1208 /* InfoPlist.strings */; };
		BA6D2FE61445ADCB00FA1208 /* main.m in Sources */ = {isa = PBXBuildFile; fileRef = BA6D2FE51445ADCB00FA1208 /* main.m */; };
		BA6D2FEA1445ADCB00FA1208 /* HelloAppDelegate.m in Sources */ = {isa = PBXBuildFile; fileRef = BA6D2FE91445ADCB00FA1208 /* HelloAppDelegate.m */; };
		BA6D2FED1445ADCB00FA1208 /* MainWindow.xib in Resources */ = {isa = PBXBuildFile; fileRef = BA6D2FEB1445ADCB00FA1208 /* MainWindow.xib */; };
		BA6D2FF01445ADCB00FA1208 /* RootViewController.m in Sources */ = {isa = PBXBuildFile; fileRef = BA6D2FEF1445ADCB00FA1208 /* RootViewController.m */; };
		BA6D2FF31445ADCB00FA1208 /* RootViewController.xib in Resources */ = {isa = PBXBuildFile; fileRef = BA6D2FF11445ADCB00FA1208 /* RootViewController.xib */; };
		BA6D2FFB1445ADCB00FA1208 /* SenTestingKit.framework in Frameworks */ = {isa = PBXBuildFile; fileRef = BA6D2FFA1445ADCB00FA1208 /* SenTestingKit.framework */; };
		BA6D2FFC1445ADCB00FA1208 /* UIKit.framework in Frameworks */ = {isa = PBXBuildFile; fileRef = BA6D2FD91445ADCB00FA1208 /* UIKit.framework */; };
		BA6D2FFD1445ADCB00FA1208 /* Foundation.framework in Frameworks */ = {isa = PBXBuildFile; fileRef = BA6D2FDB1445ADCB00FA1208 /* Foundation.framework */; };
		BA6D2FFE1445ADCB00FA1208 /* CoreGraphics.framework in Frameworks */ = {isa = PBXBuildFile; fileRef = BA6D2FDD1445ADCB00FA1208 /* CoreGraphics.framework */; };
		BA6D30061445ADCB00FA1208 /* InfoPlist.strings in Resources */ = {isa = PBXBuildFile; fileRef = BA6D30041445ADCB00FA1208 /* InfoPlist.strings */; };
		BA6D30081445ADCB00FA1208 /* HelloTests.h in Resources */ = {isa = PBXBuildFile; fileRef = BA6D30071445ADCB00FA1208 /* HelloTests.h */; };
		BA6D300A1445ADCB00FA1208 /* HelloTests.m in Sources */ = {isa = PBXBuildFile; fileRef = BA6D30091445ADCB00FA1208 /* HelloTests.m */; };
		BA6D30161445ADD300FA1208 /* MainWindow-iPad.xib in Resources */ = {isa = PBXBuildFile; fileRef = BA6D30141445ADD300FA1208 /* MainWindow-iPad.xib */; };
/* End PBXBuildFile section */

/* Begin PBXContainerItemProxy section */
		BA6D2FFF1445ADCB00FA1208 /* PBXContainerItemProxy */ = {
			isa = PBXContainerItemProxy;
			containerPortal = BA6D2FCC1445ADCB00FA1208 /* Project object */;
			proxyType = 1;
			remoteGlobalIDString = BA6D2FD41445ADCB00FA1208;
			remoteInfo = Hello;
		};
/* End PBXContainerItemProxy section */

/* Begin PBXFileReference section */
		BA6D2FD51445ADCB00FA1208 /* Hello.app */ = {isa = PBXFileReference; explicitFileType = wrapper.application; includeInIndex = 0; path = Hello.app; sourceTree = BUILT_PRODUCTS_DIR; };
		BA6D2FD91445ADCB00FA1208 /* UIKit.framework */ = {isa = PBXFileReference; lastKnownFileType = wrapper.framework; name = UIKit.framework; path = System/Library/Frameworks/UIKit.framework; sourceTree = SDKROOT; };
		BA6D2FDB1445ADCB00FA1208 /* Foundation.framework */ = {isa = PBXFileReference; lastKnownFileType = wrapper.framework; name = Foundation.framework; path = System/Library/Frameworks/Foundation.framework; sourceTree = SDKROOT; };
		BA6D2FDD1445ADCB00FA1208 /* CoreGraphics.framework */ = {isa = PBXFileReference; lastKnownFileType = wrapper.framework; name = CoreGraphics.framework; path = System/Library/Frameworks/CoreGraphics.framework; sourceTree = SDKROOT; };
		BA6D2FE11445ADCB00FA1208 /* Hello-Info.plist */ = {isa = PBXFileReference; lastKnownFileType = text.plist.xml; path = "Hello-Info.plist"; sourceTree = "<group>"; };
		BA6D2FE31445ADCB00FA1208 /* en */ = {isa = PBXFileReference; lastKnownFileType = text.plist.strings; name = en; path = en.lproj/InfoPlist.strings; sourceTree = "<group>"; };
		BA6D2FE51445ADCB00FA1208 /* main.m */ = {isa = PBXFileReference; lastKnownFileType = sourcecode.c.objc; path = main.m; sourceTree = "<group>"; };
		BA6D2FE71445ADCB00FA1208 /* Hello-Prefix.pch */ = {isa = PBXFileReference; lastKnownFileType = sourcecode.c.h; path = "Hello-Prefix.pch"; sourceTree = "<group>"; };
		BA6D2FE81445ADCB00FA1208 /* HelloAppDelegate.h */ = {isa = PBXFileReference; lastKnownFileType = sourcecode.c.h; path = HelloAppDelegate.h; sourceTree = "<group>"; };
		BA6D2FE91445ADCB00FA1208 /* HelloAppDelegate.m */ = {isa = PBXFileReference; lastKnownFileType = sourcecode.c.objc; path = HelloAppDelegate.m; sourceTree = "<group>"; };
		BA6D2FEC1445ADCB00FA1208 /* en */ = {isa = PBXFileReference; lastKnownFileType = file.xib; name = en; path = en.lproj/MainWindow.xib; sourceTree = "<group>"; };
		BA6D2FEE1445ADCB00FA1208 /* RootViewController.h */ = {isa = PBXFileReference; lastKnownFileType = sourcecode.c.h; path = RootViewController.h; sourceTree = "<group>"; };
		BA6D2FEF1445ADCB00FA1208 /* RootViewController.m */ = {isa = PBXFileReference; lastKnownFileType = sourcecode.c.objc; path = RootViewController.m; sourceTree = "<group>"; };
		BA6D2FF21445ADCB00FA1208 /* en */ = {isa = PBXFileReference; lastKnownFileType = file.xib; name = en; path = en.lproj/RootViewController.xib; sourceTree = "<group>"; };
		BA6D2FF91445ADCB00FA1208 /* HelloTests.octest */ = {isa = PBXFileReference; explicitFileType = wrapper.cfbundle; includeInIndex = 0; path = HelloTests.octest; sourceTree = BUILT_PRODUCTS_DIR; };
		BA6D2FFA1445ADCB00FA1208 /* SenTestingKit.framework */ = {isa = PBXFileReference; lastKnownFileType = wrapper.framework; name = SenTestingKit.framework; path = Library/Frameworks/SenTestingKit.framework; sourceTree = DEVELOPER_DIR; };
		BA6D30031445ADCB00FA1208 /* HelloTests-Info.plist */ = {isa = PBXFileReference; lastKnownFileType = text.plist.xml; path = "HelloTests-Info.plist"; sourceTree = "<group>"; };
		BA6D30051445ADCB00FA1208 /* en */ = {isa = PBXFileReference; lastKnownFileType = text.plist.strings; name = en; path = en.lproj/InfoPlist.strings; sourceTree = "<group>"; };
		BA6D30071445ADCB00FA1208 /* HelloTests.h */ = {isa = PBXFileReference; lastKnownFileType = sourcecode.c.h; path = HelloTests.h; sourceTree = "<group>"; };
		BA6D30091445ADCB00FA1208 /* HelloTests.m */ = {isa = PBXFileReference; lastKnownFileType = sourcecode.c.objc; path = HelloTests.m; sourceTree = "<group>"; };
		BA6D30151445ADD300FA1208 /* en */ = {isa = PBXFileReference; lastKnownFileType = file.xib; name = en; path = "iPad/en.lproj/MainWindow-iPad.xib"; sourceTree = "<group>"; };
/* End PBXFileReference section */

/* Begin PBXFrameworksBuildPhase section */
		BA6D2FD21445ADCB00FA1208 /* Frameworks */ = {
			isa = PBXFrameworksBuildPhase;
			buildActionMask = 2147483647;
			files = (
				BA6D2FDA1445ADCB00FA1208 /* UIKit.framework in Frameworks */,
				BA6D2FDC1445ADCB00FA1208 /* Foundation.framework in Frameworks */,
				BA6D2FDE1445ADCB00FA1208 /* CoreGraphics.framework in Frameworks */,
			);
			runOnlyForDeploymentPostprocessing = 0;
		};
		BA6D2FF51445ADCB00FA1208 /* Frameworks */ = {
			isa = PBXFrameworksBuildPhase;
			buildActionMask = 2147483647;
			files = (
				BA6D2FFB1445ADCB00FA1208 /* SenTestingKit.framework in Frameworks */,
				BA6D2FFC1445ADCB00FA1208 /* UIKit.framework in Frameworks */,
				BA6D2FFD1445ADCB00FA1208 /* Foundation.framework in Frameworks */,
				BA6D2FFE1445ADCB00FA1208 /* CoreGraphics.framework in Frameworks */,
			);
			runOnlyForDeploymentPostprocessing = 0;
		};
/* End PBXFrameworksBuildPhase section */

/* Begin PBXGroup section */
		BA6D2FCA1445ADCB00FA1208 = {
			isa = PBXGroup;
			children = (
				BA6D2FDF1445ADCB00FA1208 /* Hello */,
				BA6D30011445ADCB00FA1208 /* HelloTests */,
				BA6D2FD81445ADCB00FA1208 /* Frameworks */,
				BA6D2FD61445ADCB00FA1208 /* Products */,
			);
			sourceTree = "<group>";
		};
		BA6D2FD61445ADCB00FA1208 /* Products */ = {
			isa = PBXGroup;
			children = (
				BA6D2FD51445ADCB00FA1208 /* Hello.app */,
				BA6D2FF91445ADCB00FA1208 /* HelloTests.octest */,
			);
			name = Products;
			sourceTree = "<group>";
		};
		BA6D2FD81445ADCB00FA1208 /* Frameworks */ = {
			isa = PBXGroup;
			children = (
				BA6D2FD91445ADCB00FA1208 /* UIKit.framework */,
				BA6D2FDB1445ADCB00FA1208 /* Foundation.framework */,
				BA6D2FDD1445ADCB00FA1208 /* CoreGraphics.framework */,
				BA6D2FFA1445ADCB00FA1208 /* SenTestingKit.framework */,
			);
			name = Frameworks;
			sourceTree = "<group>";
		};
		BA6D2FDF1445ADCB00FA1208 /* Hello */ = {
			isa = PBXGroup;
			children = (
				BA6D30131445ADD200FA1208 /* iPad */,
				BA6D2FE81445ADCB00FA1208 /* HelloAppDelegate.h */,
				BA6D2FE91445ADCB00FA1208 /* HelloAppDelegate.m */,
				BA6D2FEB1445ADCB00FA1208 /* MainWindow.xib */,
				BA6D2FEE1445ADCB00FA1208 /* RootViewController.h */,
				BA6D2FEF1445ADCB00FA1208 /* RootViewController.m */,
				BA6D2FF11445ADCB00FA1208 /* RootViewController.xib */,
				BA6D2FE01445ADCB00FA1208 /* Supporting Files */,
			);
			path = Hello;
			sourceTree = "<group>";
		};
		BA6D2FE01445ADCB00FA1208 /* Supporting Files */ = {
			isa = PBXGroup;
			children = (
				BA6D2FE11445ADCB00FA1208 /* Hello-Info.plist */,
				BA6D2FE21445ADCB00FA1208 /* InfoPlist.strings */,
				BA6D2FE51445ADCB00FA1208 /* main.m */,
				BA6D2FE71445ADCB00FA1208 /* Hello-Prefix.pch */,
			);
			name = "Supporting Files";
			sourceTree = "<group>";
		};
		BA6D30011445ADCB00FA1208 /* HelloTests */ = {
			isa = PBXGroup;
			children = (
				BA6D30071445ADCB00FA1208 /* HelloTests.h */,
				BA6D30091445ADCB00FA1208 /* HelloTests.m */,
				BA6D30021445ADCB00FA1208 /* Supporting Files */,
			);
			path = HelloTests;
			sourceTree = "<group>";
		};
		BA6D30021445ADCB00FA1208 /* Supporting Files */ = {
			isa = PBXGroup;
			children = (
				BA6D30031445ADCB00FA1208 /* HelloTests-Info.plist */,
				BA6D30041445ADCB00FA1208 /* InfoPlist.strings */,
			);
			name = "Supporting Files";
			sourceTree = "<group>";
		};
		BA6D30131445ADD200FA1208 /* iPad */ = {
			isa = PBXGroup;
			children = (
				BA6D30141445ADD300FA1208 /* MainWindow-iPad.xib */,
			);
			name = iPad;
			sourceTree = "<group>";
		};
/* End PBXGroup section */

/* Begin PBXNativeTarget section */
		BA6D2FD41445ADCB00FA1208 /* Hello */ = {
			isa = PBXNativeTarget;
			buildConfigurationList = BA6D300D1445ADCB00FA1208 /* Build configuration list for PBXNativeTarget "Hello" */;
			buildPhases = (
				BA6D2FD11445ADCB00FA1208 /* Sources */,
				BA6D2FD21445ADCB00FA1208 /* Frameworks */,
				BA6D2FD31445ADCB00FA1208 /* Resources */,
			);
			buildRules = (
			);
			dependencies = (
			);
			name = Hello;
			productName = Hello;
			productReference = BA6D2FD51445ADCB00FA1208 /* Hello.app */;
			productType = "com.apple.product-type.application";
		};
		BA6D2FF81445ADCB00FA1208 /* HelloTests */ = {
			isa = PBXNativeTarget;
			buildConfigurationList = BA6D30101445ADCB00FA1208 /* Build configuration list for PBXNativeTarget "HelloTests" */;
			buildPhases = (
				BA6D2FF41445ADCB00FA1208 /* Sources */,
				BA6D2FF51445ADCB00FA1208 /* Frameworks */,
				BA6D2FF61445ADCB00FA1208 /* Resources */,
				BA6D2FF71445ADCB00FA1208 /* ShellScript */,
			);
			buildRules = (
			);
			dependencies = (
				BA6D30001445ADCB00FA1208 /* PBXTargetDependency */,
			);
			name = HelloTests;
			productName = HelloTests;
			productReference = BA6D2FF91445ADCB00FA1208 /* HelloTests.octest */;
			productType = "com.apple.product-type.bundle";
		};
/* End PBXNativeTarget section */

/* Begin PBXProject section */
		BA6D2FCC1445ADCB00FA1208 /* Project object */ = {
			isa = PBXProject;
			buildConfigurationList = BA6D2FCF1445ADCB00FA1208 /* Build configuration list for PBXProject "Hello" */;
			compatibilityVersion = "Xcode 3.2";
			developmentRegion = English;
			hasScannedForEncodings = 0;
			knownRegions = (
				en,
			);
			mainGroup = BA6D2FCA1445ADCB00FA1208;
			productRefGroup = BA6D2FD61445ADCB00FA1208 /* Products */;
			projectDirPath = "";
			projectRoot = "";
			targets = (
				BA6D2FD41445ADCB00FA1208 /* Hello */,
				BA6D2FF81445ADCB00FA1208 /* HelloTests */,
			);
		};
/* End PBXProject section */

/* Begin PBXResourcesBuildPhase section */
		BA6D2FD31445ADCB00FA1208 /* Resources */ = {
			isa = PBXResourcesBuildPhase;
			buildActionMask = 2147483647;
			files = (
				BA6D2FE41445ADCB00FA1208 /* InfoPlist.strings in Resources */,
				BA6D2FED1445ADCB00FA1208 /* MainWindow.xib in Resources */,
				BA6D2FF31445ADCB00FA1208 /* RootViewController.xib in Resources */,
				BA6D30161445ADD300FA1208 /* MainWindow-iPad.xib in Resources */,
			);
			runOnlyForDeploymentPostprocessing = 0;
		};
		BA6D2FF61445ADCB00FA1208 /* Resources */ = {
			isa = PBXResourcesBuildPhase;
			buildActionMask = 2147483647;
			files = (
				BA6D30061445ADCB00FA1208 /* InfoPlist.strings in Resources */,
				BA6D30081445ADCB00FA1208 /* HelloTests.h in Resources */,
			);
			runOnlyForDeploymentPostprocessing = 0;
		};
/* End PBXResourcesBuildPhase section */

/* Begin PBXShellScriptBuildPhase section */
		BA6D2FF71445ADCB00FA1208 /* ShellScript */ = {
			isa = PBXShellScriptBuildPhase;
			buildActionMask = 2147483647;
			files = (
			);
			inputPaths = (
			);
			outputPaths = (
			);
			runOnlyForDeploymentPostprocessing = 0;
			shellPath = /bin/sh;
			shellScript = "# Run the unit tests in this test bundle.\n\"${SYSTEM_DEVELOPER_DIR}/Tools/RunUnitTests\"\n";
		};
/* End PBXShellScriptBuildPhase section */

/* Begin PBXSourcesBuildPhase section */
		BA6D2FD11445ADCB00FA1208 /* Sources */ = {
			isa = PBXSourcesBuildPhase;
			buildActionMask = 2147483647;
			files = (
				BA6D2FE61445ADCB00FA1208 /* main.m in Sources */,
				BA6D2FEA1445ADCB00FA1208 /* HelloAppDelegate.m in Sources */,
				BA6D2FF01445ADCB00FA1208 /* RootViewController.m in Sources */,
			);
			runOnlyForDeploymentPostprocessing = 0;
		};
		BA6D2FF41445ADCB00FA1208 /* Sources */ = {
			isa = PBXSourcesBuildPhase;
			buildActionMask = 2147483647;
			files = (
				BA6D300A1445ADCB00FA1208 /* HelloTests.m in Sources */,
			);
			runOnlyForDeploymentPostprocessing = 0;
		};
/* End PBXSourcesBuildPhase section */

/* Begin PBXTargetDependency section */
		BA6D30001445ADCB00FA1208 /* PBXTargetDependency */ = {
			isa = PBXTargetDependency;
			target = BA6D2FD41445ADCB00FA1208 /* Hello */;
			targetProxy = BA6D2FFF1445ADCB00FA1208 /* PBXContainerItemProxy */;
		};
/* End PBXTargetDependency section */

/* Begin PBXVariantGroup section */
		BA6D2FE21445ADCB00FA1208 /* InfoPlist.strings */ = {
			isa = PBXVariantGroup;
			children = (
				BA6D2FE31445ADCB00FA1208 /* en */,
			);
			name = InfoPlist.strings;
			sourceTree = "<group>";
		};
		BA6D2FEB1445ADCB00FA1208 /* MainWindow.xib */ = {
			isa = PBXVariantGroup;
			children = (
				BA6D2FEC1445ADCB00FA1208 /* en */,
			);
			name = MainWindow.xib;
			sourceTree = "<group>";
		};
		BA6D2FF11445ADCB00FA1208 /* RootViewController.xib */ = {
			isa = PBXVariantGroup;
			children = (
				BA6D2FF21445ADCB00FA1208 /* en */,
			);
			name = RootViewController.xib;
			sourceTree = "<group>";
		};
		BA6D30041445ADCB00FA1208 /* InfoPlist.strings */ = {
			isa = PBXVariantGroup;
			children = (
				BA6D30051445ADCB00FA1208 /* en */,
			);
			name = InfoPlist.strings;
			sourceTree = "<group>";
		};
		BA6D30141445ADD300FA1208 /* MainWindow-iPad.xib */ = {
			isa = PBXVariantGroup;
			children = (
				BA6D30151445ADD300FA1208 /* en */,
			);
			name = "MainWindow-iPad.xib";
			sourceTree = "<group>";
		};
/* End PBXVariantGroup section */

/* Begin XCBuildConfiguration section */
		BA6D300B1445ADCB00FA1208 /* Debug */ = {
			isa = XCBuildConfiguration;
			buildSettings = {
				ALWAYS_SEARCH_USER_PATHS = NO;
				ARCHS = "$(ARCHS_STANDARD_32_BIT)";
				"CODE_SIGN_IDENTITY[sdk=iphoneos*]" = "iPhone Developer";
				COPY_PHASE_STRIP = NO;
				GCC_C_LANGUAGE_STANDARD = gnu99;
				GCC_DYNAMIC_NO_PIC = NO;
				GCC_OPTIMIZATION_LEVEL = 0;
				GCC_PREPROCESSOR_DEFINITIONS = (
					"DEBUG=1",
					"$(inherited)",
				);
				GCC_SYMBOLS_PRIVATE_EXTERN = NO;
				GCC_VERSION = com.apple.compilers.llvmgcc42;
				GCC_WARN_ABOUT_MISSING_PROTOTYPES = YES;
				GCC_WARN_ABOUT_RETURN_TYPE = YES;
				GCC_WARN_UNUSED_VARIABLE = YES;
				IPHONEOS_DEPLOYMENT_TARGET = 4.3;
				SDKROOT = iphoneos;
			};
			name = Debug;
		};
		BA6D300C1445ADCB00FA1208 /* Release */ = {
			isa = XCBuildConfiguration;
			buildSettings = {
				ALWAYS_SEARCH_USER_PATHS = NO;
				ARCHS = "$(ARCHS_STANDARD_32_BIT)";
				"CODE_SIGN_IDENTITY[sdk=iphoneos*]" = "iPhone Developer";
				COPY_PHASE_STRIP = YES;
				GCC_C_LANGUAGE_STANDARD = gnu99;
				GCC_VERSION = com.apple.compilers.llvmgcc42;
				GCC_WARN_ABOUT_MISSING_PROTOTYPES = YES;
				GCC_WARN_ABOUT_RETURN_TYPE = YES;
				GCC_WARN_UNUSED_VARIABLE = YES;
				IPHONEOS_DEPLOYMENT_TARGET = 4.3;
				OTHER_CFLAGS = "-DNS_BLOCK_ASSERTIONS=1";
				SDKROOT = iphoneos;
				VALIDATE_PRODUCT = YES;
			};
			name = Release;
		};
		BA6D300E1445ADCB00FA1208 /* Debug */ = {
			isa = XCBuildConfiguration;
			buildSettings = {
				GCC_PRECOMPILE_PREFIX_HEADER = YES;
				GCC_PREFIX_HEADER = "Hello/Hello-Prefix.pch";
				INFOPLIST_FILE = "Hello/Hello-Info.plist";
				IPHONEOS_DEPLOYMENT_TARGET = 4.3;
				PRODUCT_NAME = "$(TARGET_NAME)";
				TARGETED_DEVICE_FAMILY = 2;
				WRAPPER_EXTENSION = app;
			};
			name = Debug;
		};
		BA6D300F1445ADCB00FA1208 /* Release */ = {
			isa = XCBuildConfiguration;
			buildSettings = {
				GCC_PRECOMPILE_PREFIX_HEADER = YES;
				GCC_PREFIX_HEADER = "Hello/Hello-Prefix.pch";
				INFOPLIST_FILE = "Hello/Hello-Info.plist";
				IPHONEOS_DEPLOYMENT_TARGET = 4.3;
				PRODUCT_NAME = "$(TARGET_NAME)";
				TARGETED_DEVICE_FAMILY = 2;
				WRAPPER_EXTENSION = app;
			};
			name = Release;
		};
		BA6D30111445ADCB00FA1208 /* Debug */ = {
			isa = XCBuildConfiguration;
			buildSettings = {
				BUNDLE_LOADER = "$(BUILT_PRODUCTS_DIR)/Hello.app/Hello";
				FRAMEWORK_SEARCH_PATHS = (
					"$(SDKROOT)/Developer/Library/Frameworks",
					"$(DEVELOPER_LIBRARY_DIR)/Frameworks",
				);
				GCC_PRECOMPILE_PREFIX_HEADER = YES;
				GCC_PREFIX_HEADER = "Hello/Hello-Prefix.pch";
				INFOPLIST_FILE = "HelloTests/HelloTests-Info.plist";
				PRODUCT_NAME = "$(TARGET_NAME)";
				TEST_HOST = "$(BUNDLE_LOADER)";
				WRAPPER_EXTENSION = octest;
			};
			name = Debug;
		};
		BA6D30121445ADCB00FA1208 /* Release */ = {
			isa = XCBuildConfiguration;
			buildSettings = {
				BUNDLE_LOADER = "$(BUILT_PRODUCTS_DIR)/Hello.app/Hello";
				FRAMEWORK_SEARCH_PATHS = (
					"$(SDKROOT)/Developer/Library/Frameworks",
					"$(DEVELOPER_LIBRARY_DIR)/Frameworks",
				);
				GCC_PRECOMPILE_PREFIX_HEADER = YES;
				GCC_PREFIX_HEADER = "Hello/Hello-Prefix.pch";
				INFOPLIST_FILE = "HelloTests/HelloTests-Info.plist";
				PRODUCT_NAME = "$(TARGET_NAME)";
				TEST_HOST = "$(BUNDLE_LOADER)";
				WRAPPER_EXTENSION = octest;
			};
			name = Release;
		};
/* End XCBuildConfiguration section */

/* Begin XCConfigurationList section */
		BA6D2FCF1445ADCB00FA1208 /* Build configuration list for PBXProject "Hello" */ = {
			isa = XCConfigurationList;
			buildConfigurations = (
				BA6D300B1445ADCB00FA1208 /* Debug */,
				BA6D300C1445ADCB00FA1208 /* Release */,
			);
			defaultConfigurationIsVisible = 0;
			defaultConfigurationName = Release;
		};
		BA6D300D1445ADCB00FA1208 /* Build configuration list for PBXNativeTarget "Hello" */ = {
			isa = XCConfigurationList;
			buildConfigurations = (
				BA6D300E1445ADCB00FA1208 /* Debug */,
				BA6D300F1445ADCB00FA1208 /* Release */,
			);
			defaultConfigurationIsVisible = 0;
		};
		BA6D30101445ADCB00FA1208 /* Build configuration list for PBXNativeTarget "HelloTests" */ = {
			isa = XCConfigurationList;
			buildConfigurations = (
				BA6D30111445ADCB00FA1208 /* Debug */,
				BA6D30121445ADCB00FA1208 /* Release */,
			);
			defaultConfigurationIsVisible = 0;
		};
/* End XCConfigurationList section */
	};
	rootObject = BA6D2FCC1445ADCB00FA1208 /* Project object */;
}
