// !$*UTF8*$!
{
	archiveVersion = 1;
	classes = {
	};
	objectVersion = 46;
	objects = {

/* Begin PBXBuildFile section */
		BAF1C50414484D780091B647 /* UIKit.framework in Frameworks */ = {isa = PBXBuildFile; fileRef = BAF1C50314484D780091B647 /* UIKit.framework */; };
		BAF1C50614484D780091B647 /* Foundation.framework in Frameworks */ = {isa = PBXBuildFile; fileRef = BAF1C50514484D780091B647 /* Foundation.framework */; };
		BAF1C50814484D780091B647 /* CoreGraphics.framework in Frameworks */ = {isa = PBXBuildFile; fileRef = BAF1C50714484D780091B647 /* CoreGraphics.framework */; };
		BAF1C50E14484D780091B647 /* InfoPlist.strings in Resources */ = {isa = PBXBuildFile; fileRef = BAF1C50C14484D780091B647 /* InfoPlist.strings */; };
		BAF1C51014484D780091B647 /* main.m in Sources */ = {isa = PBXBuildFile; fileRef = BAF1C50F14484D780091B647 /* main.m */; };
		BAF1C51414484D780091B647 /* HelloAppDelegate.m in Sources */ = {isa = PBXBuildFile; fileRef = BAF1C51314484D780091B647 /* HelloAppDelegate.m */; };
		BAF1C51814484D780091B647 /* HelloAppDelegate_iPhone.m in Sources */ = {isa = PBXBuildFile; fileRef = BAF1C51714484D780091B647 /* HelloAppDelegate_iPhone.m */; };
		BAF1C51B14484D780091B647 /* MainWindow_iPhone.xib in Resources */ = {isa = PBXBuildFile; fileRef = BAF1C51914484D780091B647 /* MainWindow_iPhone.xib */; };
		BAF1C51F14484D780091B647 /* HelloAppDelegate_iPad.m in Sources */ = {isa = PBXBuildFile; fileRef = BAF1C51E14484D780091B647 /* HelloAppDelegate_iPad.m */; };
		BAF1C52214484D780091B647 /* MainWindow_iPad.xib in Resources */ = {isa = PBXBuildFile; fileRef = BAF1C52014484D780091B647 /* MainWindow_iPad.xib */; };
		BAF1C52A14484D780091B647 /* SenTestingKit.framework in Frameworks */ = {isa = PBXBuildFile; fileRef = BAF1C52914484D780091B647 /* SenTestingKit.framework */; };
		BAF1C52B14484D780091B647 /* UIKit.framework in Frameworks */ = {isa = PBXBuildFile; fileRef = BAF1C50314484D780091B647 /* UIKit.framework */; };
		BAF1C52C14484D780091B647 /* Foundation.framework in Frameworks */ = {isa = PBXBuildFile; fileRef = BAF1C50514484D780091B647 /* Foundation.framework */; };
		BAF1C52D14484D780091B647 /* CoreGraphics.framework in Frameworks */ = {isa = PBXBuildFile; fileRef = BAF1C50714484D780091B647 /* CoreGraphics.framework */; };
		BAF1C53514484D780091B647 /* InfoPlist.strings in Resources */ = {isa = PBXBuildFile; fileRef = BAF1C53314484D780091B647 /* InfoPlist.strings */; };
		BAF1C53714484D780091B647 /* HelloTests.h in Resources */ = {isa = PBXBuildFile; fileRef = BAF1C53614484D780091B647 /* HelloTests.h */; };
		BAF1C53914484D780091B647 /* HelloTests.m in Sources */ = {isa = PBXBuildFile; fileRef = BAF1C53814484D780091B647 /* HelloTests.m */; };
		BAF1C54A1448509A0091B647 /* InvokeViewController.m in Sources */ = {isa = PBXBuildFile; fileRef = BAF1C5481448509A0091B647 /* InvokeViewController.m */; };
		BAF1C54B1448509A0091B647 /* InvokeViewController.xib in Resources */ = {isa = PBXBuildFile; fileRef = BAF1C5491448509A0091B647 /* InvokeViewController.xib */; };
		BAF1C57814485EA40091B647 /* TopViewController.m in Sources */ = {isa = PBXBuildFile; fileRef = BAF1C57614485EA40091B647 /* TopViewController.m */; };
		BAF1C57914485EA40091B647 /* TopViewController.xib in Resources */ = {isa = PBXBuildFile; fileRef = BAF1C57714485EA40091B647 /* TopViewController.xib */; };
/* End PBXBuildFile section */

/* Begin PBXContainerItemProxy section */
		BAF1C52E14484D780091B647 /* PBXContainerItemProxy */ = {
			isa = PBXContainerItemProxy;
			containerPortal = BAF1C4F614484D780091B647 /* Project object */;
			proxyType = 1;
			remoteGlobalIDString = BAF1C4FE14484D780091B647;
			remoteInfo = Hello;
		};
/* End PBXContainerItemProxy section */

/* Begin PBXFileReference section */
		BAF1C4FF14484D780091B647 /* Hello.app */ = {isa = PBXFileReference; explicitFileType = wrapper.application; includeInIndex = 0; path = Hello.app; sourceTree = BUILT_PRODUCTS_DIR; };
		BAF1C50314484D780091B647 /* UIKit.framework */ = {isa = PBXFileReference; lastKnownFileType = wrapper.framework; name = UIKit.framework; path = System/Library/Frameworks/UIKit.framework; sourceTree = SDKROOT; };
		BAF1C50514484D780091B647 /* Foundation.framework */ = {isa = PBXFileReference; lastKnownFileType = wrapper.framework; name = Foundation.framework; path = System/Library/Frameworks/Foundation.framework; sourceTree = SDKROOT; };
		BAF1C50714484D780091B647 /* CoreGraphics.framework */ = {isa = PBXFileReference; lastKnownFileType = wrapper.framework; name = CoreGraphics.framework; path = System/Library/Frameworks/CoreGraphics.framework; sourceTree = SDKROOT; };
		BAF1C50B14484D780091B647 /* Hello-Info.plist */ = {isa = PBXFileReference; lastKnownFileType = text.plist.xml; path = "Hello-Info.plist"; sourceTree = "<group>"; };
		BAF1C50D14484D780091B647 /* en */ = {isa = PBXFileReference; lastKnownFileType = text.plist.strings; name = en; path = en.lproj/InfoPlist.strings; sourceTree = "<group>"; };
		BAF1C50F14484D780091B647 /* main.m */ = {isa = PBXFileReference; lastKnownFileType = sourcecode.c.objc; path = main.m; sourceTree = "<group>"; };
		BAF1C51114484D780091B647 /* Hello-Prefix.pch */ = {isa = PBXFileReference; lastKnownFileType = sourcecode.c.h; path = "Hello-Prefix.pch"; sourceTree = "<group>"; };
		BAF1C51214484D780091B647 /* HelloAppDelegate.h */ = {isa = PBXFileReference; lastKnownFileType = sourcecode.c.h; path = HelloAppDelegate.h; sourceTree = "<group>"; };
		BAF1C51314484D780091B647 /* HelloAppDelegate.m */ = {isa = PBXFileReference; lastKnownFileType = sourcecode.c.objc; path = HelloAppDelegate.m; sourceTree = "<group>"; };
		BAF1C51614484D780091B647 /* HelloAppDelegate_iPhone.h */ = {isa = PBXFileReference; lastKnownFileType = sourcecode.c.h; name = HelloAppDelegate_iPhone.h; path = iPhone/HelloAppDelegate_iPhone.h; sourceTree = "<group>"; };
		BAF1C51714484D780091B647 /* HelloAppDelegate_iPhone.m */ = {isa = PBXFileReference; lastKnownFileType = sourcecode.c.objc; name = HelloAppDelegate_iPhone.m; path = iPhone/HelloAppDelegate_iPhone.m; sourceTree = "<group>"; };
		BAF1C51A14484D780091B647 /* en */ = {isa = PBXFileReference; lastKnownFileType = file.xib; name = en; path = iPhone/en.lproj/MainWindow_iPhone.xib; sourceTree = "<group>"; };
		BAF1C51D14484D780091B647 /* HelloAppDelegate_iPad.h */ = {isa = PBXFileReference; lastKnownFileType = sourcecode.c.h; name = HelloAppDelegate_iPad.h; path = iPad/HelloAppDelegate_iPad.h; sourceTree = "<group>"; };
		BAF1C51E14484D780091B647 /* HelloAppDelegate_iPad.m */ = {isa = PBXFileReference; lastKnownFileType = sourcecode.c.objc; name = HelloAppDelegate_iPad.m; path = iPad/HelloAppDelegate_iPad.m; sourceTree = "<group>"; };
		BAF1C52114484D780091B647 /* en */ = {isa = PBXFileReference; lastKnownFileType = file.xib; name = en; path = iPad/en.lproj/MainWindow_iPad.xib; sourceTree = "<group>"; };
		BAF1C52814484D780091B647 /* HelloTests.octest */ = {isa = PBXFileReference; explicitFileType = wrapper.cfbundle; includeInIndex = 0; path = HelloTests.octest; sourceTree = BUILT_PRODUCTS_DIR; };
		BAF1C52914484D780091B647 /* SenTestingKit.framework */ = {isa = PBXFileReference; lastKnownFileType = wrapper.framework; name = SenTestingKit.framework; path = Library/Frameworks/SenTestingKit.framework; sourceTree = DEVELOPER_DIR; };
		BAF1C53214484D780091B647 /* HelloTests-Info.plist */ = {isa = PBXFileReference; lastKnownFileType = text.plist.xml; path = "HelloTests-Info.plist"; sourceTree = "<group>"; };
		BAF1C53414484D780091B647 /* en */ = {isa = PBXFileReference; lastKnownFileType = text.plist.strings; name = en; path = en.lproj/InfoPlist.strings; sourceTree = "<group>"; };
		BAF1C53614484D780091B647 /* HelloTests.h */ = {isa = PBXFileReference; lastKnownFileType = sourcecode.c.h; path = HelloTests.h; sourceTree = "<group>"; };
		BAF1C53814484D780091B647 /* HelloTests.m */ = {isa = PBXFileReference; lastKnownFileType = sourcecode.c.objc; path = HelloTests.m; sourceTree = "<group>"; };
		BAF1C547144850990091B647 /* InvokeViewController.h */ = {isa = PBXFileReference; fileEncoding = 4; lastKnownFileType = sourcecode.c.h; name = InvokeViewController.h; path = Classes/InvokeViewController.h; sourceTree = "<group>"; };
		BAF1C5481448509A0091B647 /* InvokeViewController.m */ = {isa = PBXFileReference; fileEncoding = 4; lastKnownFileType = sourcecode.c.objc; name = InvokeViewController.m; path = Classes/InvokeViewController.m; sourceTree = "<group>"; };
		BAF1C5491448509A0091B647 /* InvokeViewController.xib */ = {isa = PBXFileReference; fileEncoding = 4; lastKnownFileType = file.xib; name = InvokeViewController.xib; path = Classes/InvokeViewController.xib; sourceTree = "<group>"; };
		BAF1C57514485EA40091B647 /* TopViewController.h */ = {isa = PBXFileReference; fileEncoding = 4; lastKnownFileType = sourcecode.c.h; name = TopViewController.h; path = iPad/TopViewController.h; sourceTree = "<group>"; };
		BAF1C57614485EA40091B647 /* TopViewController.m */ = {isa = PBXFileReference; fileEncoding = 4; lastKnownFileType = sourcecode.c.objc; name = TopViewController.m; path = iPad/TopViewController.m; sourceTree = "<group>"; };
		BAF1C57714485EA40091B647 /* TopViewController.xib */ = {isa = PBXFileReference; fileEncoding = 4; lastKnownFileType = file.xib; name = TopViewController.xib; path = iPad/TopViewController.xib; sourceTree = "<group>"; };
/* End PBXFileReference section */

/* Begin PBXFrameworksBuildPhase section */
		BAF1C4FC14484D780091B647 /* Frameworks */ = {
			isa = PBXFrameworksBuildPhase;
			buildActionMask = 2147483647;
			files = (
				BAF1C50414484D780091B647 /* UIKit.framework in Frameworks */,
				BAF1C50614484D780091B647 /* Foundation.framework in Frameworks */,
				BAF1C50814484D780091B647 /* CoreGraphics.framework in Frameworks */,
			);
			runOnlyForDeploymentPostprocessing = 0;
		};
		BAF1C52414484D780091B647 /* Frameworks */ = {
			isa = PBXFrameworksBuildPhase;
			buildActionMask = 2147483647;
			files = (
				BAF1C52A14484D780091B647 /* SenTestingKit.framework in Frameworks */,
				BAF1C52B14484D780091B647 /* UIKit.framework in Frameworks */,
				BAF1C52C14484D780091B647 /* Foundation.framework in Frameworks */,
				BAF1C52D14484D780091B647 /* CoreGraphics.framework in Frameworks */,
			);
			runOnlyForDeploymentPostprocessing = 0;
		};
/* End PBXFrameworksBuildPhase section */

/* Begin PBXGroup section */
		BAF1C4F414484D780091B647 = {
			isa = PBXGroup;
			children = (
				BAF1C50914484D780091B647 /* Hello */,
				BAF1C53014484D780091B647 /* HelloTests */,
				BAF1C50214484D780091B647 /* Frameworks */,
				BAF1C50014484D780091B647 /* Products */,
			);
			sourceTree = "<group>";
		};
		BAF1C50014484D780091B647 /* Products */ = {
			isa = PBXGroup;
			children = (
				BAF1C4FF14484D780091B647 /* Hello.app */,
				BAF1C52814484D780091B647 /* HelloTests.octest */,
			);
			name = Products;
			sourceTree = "<group>";
		};
		BAF1C50214484D780091B647 /* Frameworks */ = {
			isa = PBXGroup;
			children = (
				BAF1C50314484D780091B647 /* UIKit.framework */,
				BAF1C50514484D780091B647 /* Foundation.framework */,
				BAF1C50714484D780091B647 /* CoreGraphics.framework */,
				BAF1C52914484D780091B647 /* SenTestingKit.framework */,
			);
			name = Frameworks;
			sourceTree = "<group>";
		};
		BAF1C50914484D780091B647 /* Hello */ = {
			isa = PBXGroup;
			children = (
				BAF1C51214484D780091B647 /* HelloAppDelegate.h */,
				BAF1C51314484D780091B647 /* HelloAppDelegate.m */,
				BAF1C51514484D780091B647 /* iPhone */,
				BAF1C51C14484D780091B647 /* iPad */,
				BAF1C50A14484D780091B647 /* Supporting Files */,
			);
			path = Hello;
			sourceTree = "<group>";
		};
		BAF1C50A14484D780091B647 /* Supporting Files */ = {
			isa = PBXGroup;
			children = (
				BAF1C50B14484D780091B647 /* Hello-Info.plist */,
				BAF1C50C14484D780091B647 /* InfoPlist.strings */,
				BAF1C50F14484D780091B647 /* main.m */,
				BAF1C51114484D780091B647 /* Hello-Prefix.pch */,
			);
			name = "Supporting Files";
			sourceTree = "<group>";
		};
		BAF1C51514484D780091B647 /* iPhone */ = {
			isa = PBXGroup;
			children = (
				BAF1C51614484D780091B647 /* HelloAppDelegate_iPhone.h */,
				BAF1C51714484D780091B647 /* HelloAppDelegate_iPhone.m */,
				BAF1C51914484D780091B647 /* MainWindow_iPhone.xib */,
				BAF1C57514485EA40091B647 /* TopViewController.h */,
				BAF1C57614485EA40091B647 /* TopViewController.m */,
				BAF1C57714485EA40091B647 /* TopViewController.xib */,
			);
			name = iPhone;
			sourceTree = "<group>";
		};
		BAF1C51C14484D780091B647 /* iPad */ = {
			isa = PBXGroup;
			children = (
				BAF1C51D14484D780091B647 /* HelloAppDelegate_iPad.h */,
				BAF1C51E14484D780091B647 /* HelloAppDelegate_iPad.m */,
				BAF1C547144850990091B647 /* InvokeViewController.h */,
				BAF1C5481448509A0091B647 /* InvokeViewController.m */,
				BAF1C5491448509A0091B647 /* InvokeViewController.xib */,
				BAF1C52014484D780091B647 /* MainWindow_iPad.xib */,
			);
			name = iPad;
			sourceTree = "<group>";
		};
		BAF1C53014484D780091B647 /* HelloTests */ = {
			isa = PBXGroup;
			children = (
				BAF1C53614484D780091B647 /* HelloTests.h */,
				BAF1C53814484D780091B647 /* HelloTests.m */,
				BAF1C53114484D780091B647 /* Supporting Files */,
			);
			path = HelloTests;
			sourceTree = "<group>";
		};
		BAF1C53114484D780091B647 /* Supporting Files */ = {
			isa = PBXGroup;
			children = (
				BAF1C53214484D780091B647 /* HelloTests-Info.plist */,
				BAF1C53314484D780091B647 /* InfoPlist.strings */,
			);
			name = "Supporting Files";
			sourceTree = "<group>";
		};
/* End PBXGroup section */

/* Begin PBXNativeTarget section */
		BAF1C4FE14484D780091B647 /* Hello */ = {
			isa = PBXNativeTarget;
			buildConfigurationList = BAF1C53C14484D780091B647 /* Build configuration list for PBXNativeTarget "Hello" */;
			buildPhases = (
				BAF1C4FB14484D780091B647 /* Sources */,
				BAF1C4FC14484D780091B647 /* Frameworks */,
				BAF1C4FD14484D780091B647 /* Resources */,
			);
			buildRules = (
			);
			dependencies = (
			);
			name = Hello;
			productName = Hello;
			productReference = BAF1C4FF14484D780091B647 /* Hello.app */;
			productType = "com.apple.product-type.application";
		};
		BAF1C52714484D780091B647 /* HelloTests */ = {
			isa = PBXNativeTarget;
			buildConfigurationList = BAF1C53F14484D780091B647 /* Build configuration list for PBXNativeTarget "HelloTests" */;
			buildPhases = (
				BAF1C52314484D780091B647 /* Sources */,
				BAF1C52414484D780091B647 /* Frameworks */,
				BAF1C52514484D780091B647 /* Resources */,
				BAF1C52614484D780091B647 /* ShellScript */,
			);
			buildRules = (
			);
			dependencies = (
				BAF1C52F14484D780091B647 /* PBXTargetDependency */,
			);
			name = HelloTests;
			productName = HelloTests;
			productReference = BAF1C52814484D780091B647 /* HelloTests.octest */;
			productType = "com.apple.product-type.bundle";
		};
/* End PBXNativeTarget section */

/* Begin PBXProject section */
		BAF1C4F614484D780091B647 /* Project object */ = {
			isa = PBXProject;
			attributes = {
				LastUpgradeCheck = 0420;
			};
			buildConfigurationList = BAF1C4F914484D780091B647 /* Build configuration list for PBXProject "Hello" */;
			compatibilityVersion = "Xcode 3.2";
			developmentRegion = English;
			hasScannedForEncodings = 0;
			knownRegions = (
				en,
			);
			mainGroup = BAF1C4F414484D780091B647;
			productRefGroup = BAF1C50014484D780091B647 /* Products */;
			projectDirPath = "";
			projectRoot = "";
			targets = (
				BAF1C4FE14484D780091B647 /* Hello */,
				BAF1C52714484D780091B647 /* HelloTests */,
			);
		};
/* End PBXProject section */

/* Begin PBXResourcesBuildPhase section */
		BAF1C4FD14484D780091B647 /* Resources */ = {
			isa = PBXResourcesBuildPhase;
			buildActionMask = 2147483647;
			files = (
				BAF1C50E14484D780091B647 /* InfoPlist.strings in Resources */,
				BAF1C51B14484D780091B647 /* MainWindow_iPhone.xib in Resources */,
				BAF1C52214484D780091B647 /* MainWindow_iPad.xib in Resources */,
				BAF1C54B1448509A0091B647 /* InvokeViewController.xib in Resources */,
				BAF1C57914485EA40091B647 /* TopViewController.xib in Resources */,
			);
			runOnlyForDeploymentPostprocessing = 0;
		};
		BAF1C52514484D780091B647 /* Resources */ = {
			isa = PBXResourcesBuildPhase;
			buildActionMask = 2147483647;
			files = (
				BAF1C53514484D780091B647 /* InfoPlist.strings in Resources */,
				BAF1C53714484D780091B647 /* HelloTests.h in Resources */,
			);
			runOnlyForDeploymentPostprocessing = 0;
		};
/* End PBXResourcesBuildPhase section */

/* Begin PBXShellScriptBuildPhase section */
		BAF1C52614484D780091B647 /* ShellScript */ = {
			isa = PBXShellScriptBuildPhase;
			buildActionMask = 2147483647;
			files = (
			);
			inputPaths = (
			);
			outputPaths = (
			);
			runOnlyForDeploymentPostprocessing = 0;
			shellPath = /bin/sh;
			shellScript = "# Run the unit tests in this test bundle.\n\"${SYSTEM_DEVELOPER_DIR}/Tools/RunUnitTests\"\n";
		};
/* End PBXShellScriptBuildPhase section */

/* Begin PBXSourcesBuildPhase section */
		BAF1C4FB14484D780091B647 /* Sources */ = {
			isa = PBXSourcesBuildPhase;
			buildActionMask = 2147483647;
			files = (
				BAF1C51014484D780091B647 /* main.m in Sources */,
				BAF1C51414484D780091B647 /* HelloAppDelegate.m in Sources */,
				BAF1C51814484D780091B647 /* HelloAppDelegate_iPhone.m in Sources */,
				BAF1C51F14484D780091B647 /* HelloAppDelegate_iPad.m in Sources */,
				BAF1C54A1448509A0091B647 /* InvokeViewController.m in Sources */,
				BAF1C57814485EA40091B647 /* TopViewController.m in Sources */,
			);
			runOnlyForDeploymentPostprocessing = 0;
		};
		BAF1C52314484D780091B647 /* Sources */ = {
			isa = PBXSourcesBuildPhase;
			buildActionMask = 2147483647;
			files = (
				BAF1C53914484D780091B647 /* HelloTests.m in Sources */,
			);
			runOnlyForDeploymentPostprocessing = 0;
		};
/* End PBXSourcesBuildPhase section */

/* Begin PBXTargetDependency section */
		BAF1C52F14484D780091B647 /* PBXTargetDependency */ = {
			isa = PBXTargetDependency;
			target = BAF1C4FE14484D780091B647 /* Hello */;
			targetProxy = BAF1C52E14484D780091B647 /* PBXContainerItemProxy */;
		};
/* End PBXTargetDependency section */

/* Begin PBXVariantGroup section */
		BAF1C50C14484D780091B647 /* InfoPlist.strings */ = {
			isa = PBXVariantGroup;
			children = (
				BAF1C50D14484D780091B647 /* en */,
			);
			name = InfoPlist.strings;
			sourceTree = "<group>";
		};
		BAF1C51914484D780091B647 /* MainWindow_iPhone.xib */ = {
			isa = PBXVariantGroup;
			children = (
				BAF1C51A14484D780091B647 /* en */,
			);
			name = MainWindow_iPhone.xib;
			sourceTree = "<group>";
		};
		BAF1C52014484D780091B647 /* MainWindow_iPad.xib */ = {
			isa = PBXVariantGroup;
			children = (
				BAF1C52114484D780091B647 /* en */,
			);
			name = MainWindow_iPad.xib;
			sourceTree = "<group>";
		};
		BAF1C53314484D780091B647 /* InfoPlist.strings */ = {
			isa = PBXVariantGroup;
			children = (
				BAF1C53414484D780091B647 /* en */,
			);
			name = InfoPlist.strings;
			sourceTree = "<group>";
		};
/* End PBXVariantGroup section */

/* Begin XCBuildConfiguration section */
		BAF1C53A14484D780091B647 /* Debug */ = {
			isa = XCBuildConfiguration;
			buildSettings = {
				ALWAYS_SEARCH_USER_PATHS = NO;
				ARCHS = "$(ARCHS_STANDARD_32_BIT)";
				"CODE_SIGN_IDENTITY[sdk=iphoneos*]" = "iPhone Developer";
				COPY_PHASE_STRIP = NO;
				GCC_C_LANGUAGE_STANDARD = gnu99;
				GCC_DYNAMIC_NO_PIC = NO;
				GCC_OPTIMIZATION_LEVEL = 0;
				GCC_PREPROCESSOR_DEFINITIONS = (
					"DEBUG=1",
					"$(inherited)",
				);
				GCC_SYMBOLS_PRIVATE_EXTERN = NO;
				GCC_VERSION = com.apple.compilers.llvmgcc42;
				GCC_WARN_ABOUT_MISSING_PROTOTYPES = YES;
				GCC_WARN_ABOUT_RETURN_TYPE = YES;
				GCC_WARN_UNUSED_VARIABLE = YES;
				IPHONEOS_DEPLOYMENT_TARGET = 4.3;
				SDKROOT = iphoneos;
				TARGETED_DEVICE_FAMILY = "1,2";
			};
			name = Debug;
		};
		BAF1C53B14484D780091B647 /* Release */ = {
			isa = XCBuildConfiguration;
			buildSettings = {
				ALWAYS_SEARCH_USER_PATHS = NO;
				ARCHS = "$(ARCHS_STANDARD_32_BIT)";
				"CODE_SIGN_IDENTITY[sdk=iphoneos*]" = "iPhone Developer";
				COPY_PHASE_STRIP = YES;
				GCC_C_LANGUAGE_STANDARD = gnu99;
				GCC_VERSION = com.apple.compilers.llvmgcc42;
				GCC_WARN_ABOUT_MISSING_PROTOTYPES = YES;
				GCC_WARN_ABOUT_RETURN_TYPE = YES;
				GCC_WARN_UNUSED_VARIABLE = YES;
				IPHONEOS_DEPLOYMENT_TARGET = 4.3;
				OTHER_CFLAGS = "-DNS_BLOCK_ASSERTIONS=1";
				SDKROOT = iphoneos;
				TARGETED_DEVICE_FAMILY = "1,2";
				VALIDATE_PRODUCT = YES;
			};
			name = Release;
		};
		BAF1C53D14484D780091B647 /* Debug */ = {
			isa = XCBuildConfiguration;
			buildSettings = {
				GCC_PRECOMPILE_PREFIX_HEADER = YES;
				GCC_PREFIX_HEADER = "Hello/Hello-Prefix.pch";
				GCC_VERSION = com.apple.compilers.llvm.clang.1_0;
				INFOPLIST_FILE = "Hello/Hello-Info.plist";
				PRODUCT_NAME = "$(TARGET_NAME)";
				WRAPPER_EXTENSION = app;
			};
			name = Debug;
		};
		BAF1C53E14484D780091B647 /* Release */ = {
			isa = XCBuildConfiguration;
			buildSettings = {
				GCC_PRECOMPILE_PREFIX_HEADER = YES;
				GCC_PREFIX_HEADER = "Hello/Hello-Prefix.pch";
				GCC_VERSION = com.apple.compilers.llvm.clang.1_0;
				INFOPLIST_FILE = "Hello/Hello-Info.plist";
				PRODUCT_NAME = "$(TARGET_NAME)";
				WRAPPER_EXTENSION = app;
			};
			name = Release;
		};
		BAF1C54014484D780091B647 /* Debug */ = {
			isa = XCBuildConfiguration;
			buildSettings = {
				BUNDLE_LOADER = "$(BUILT_PRODUCTS_DIR)/Hello.app/Hello";
				FRAMEWORK_SEARCH_PATHS = (
					"$(SDKROOT)/Developer/Library/Frameworks",
					"$(DEVELOPER_LIBRARY_DIR)/Frameworks",
				);
				GCC_PRECOMPILE_PREFIX_HEADER = YES;
				GCC_PREFIX_HEADER = "Hello/Hello-Prefix.pch";
				GCC_VERSION = com.apple.compilers.llvm.clang.1_0;
				INFOPLIST_FILE = "HelloTests/HelloTests-Info.plist";
				PRODUCT_NAME = "$(TARGET_NAME)";
				TEST_HOST = "$(BUNDLE_LOADER)";
				WRAPPER_EXTENSION = octest;
			};
			name = Debug;
		};
		BAF1C54114484D780091B647 /* Release */ = {
			isa = XCBuildConfiguration;
			buildSettings = {
				BUNDLE_LOADER = "$(BUILT_PRODUCTS_DIR)/Hello.app/Hello";
				FRAMEWORK_SEARCH_PATHS = (
					"$(SDKROOT)/Developer/Library/Frameworks",
					"$(DEVELOPER_LIBRARY_DIR)/Frameworks",
				);
				GCC_PRECOMPILE_PREFIX_HEADER = YES;
				GCC_PREFIX_HEADER = "Hello/Hello-Prefix.pch";
				GCC_VERSION = com.apple.compilers.llvm.clang.1_0;
				INFOPLIST_FILE = "HelloTests/HelloTests-Info.plist";
				PRODUCT_NAME = "$(TARGET_NAME)";
				TEST_HOST = "$(BUNDLE_LOADER)";
				WRAPPER_EXTENSION = octest;
			};
			name = Release;
		};
/* End XCBuildConfiguration section */

/* Begin XCConfigurationList section */
		BAF1C4F914484D780091B647 /* Build configuration list for PBXProject "Hello" */ = {
			isa = XCConfigurationList;
			buildConfigurations = (
				BAF1C53A14484D780091B647 /* Debug */,
				BAF1C53B14484D780091B647 /* Release */,
			);
			defaultConfigurationIsVisible = 0;
			defaultConfigurationName = Release;
		};
		BAF1C53C14484D780091B647 /* Build configuration list for PBXNativeTarget "Hello" */ = {
			isa = XCConfigurationList;
			buildConfigurations = (
				BAF1C53D14484D780091B647 /* Debug */,
				BAF1C53E14484D780091B647 /* Release */,
			);
			defaultConfigurationIsVisible = 0;
			defaultConfigurationName = Release;
		};
		BAF1C53F14484D780091B647 /* Build configuration list for PBXNativeTarget "HelloTests" */ = {
			isa = XCConfigurationList;
			buildConfigurations = (
				BAF1C54014484D780091B647 /* Debug */,
				BAF1C54114484D780091B647 /* Release */,
			);
			defaultConfigurationIsVisible = 0;
			defaultConfigurationName = Release;
		};
/* End XCConfigurationList section */
	};
	rootObject = BAF1C4F614484D780091B647 /* Project object */;
}
